PODS:
  - Alamofire (4.7.2)
  - Argo (4.1.2):
    - Runes (>= 4.0.0)
  - Curry (4.0.0)
  - Kingfisher (4.8.0)
  - Runes (4.1.0)
  - RxCocoa (4.2.0):
    - RxSwift (~> 4.0)
  - RxSwift (4.2.0)
  - SnapKit (4.0.0)

DEPENDENCIES:
  - Alamofire
  - Argo
  - Curry
  - Kingfisher
  - RxCocoa
  - RxSwift
  - SnapKit

SPEC REPOS:
  https://github.com/cocoapods/specs.git:
    - Alamofire
    - Argo
    - Curry
    - Kingfisher
    - Runes
    - RxCocoa
    - RxSwift
    - SnapKit

SPEC CHECKSUMS:
  Alamofire: e4fa87002c137ba2d8d634d2c51fabcda0d5c223
  Argo: 5db06502fc1222d83011f574243089dab25202ff
  Curry: 887c0b9de9a9947820a59557459c7895e76d7b90
  Kingfisher: 976d828df2b24834c6a3f2fc4d82cdbd26552be1
  Runes: 72a67a5bbbe1b5fdae08b5a01b10c60d83fc69aa
  RxCocoa: 0b54909c902e1e581212a03e690bbd94032d8baa
  RxSwift: 99e10317ddfcc7fbe01356aafd118fde4a0be104
  SnapKit: a42d492c16e80209130a3379f73596c3454b7694

PODFILE CHECKSUM: c9888a603705bb207ca691b87d9ee5e2aa49e120

COCOAPODS: 1.5.3
